// !$*UTF8*$!
{
	archiveVersion = 1;
	classes = {
	};
	objectVersion = 46;
	objects = {

/* Begin PBXBuildFile section */
		0154BD5C67B73FDC0C5B3FEA /* KalturaMetadataClientPlugin.h in Headers */ = {isa = PBXBuildFile; fileRef = 3B000AF42A115BEF5CAAFEEC /* KalturaMetadataClientPlugin.h */; settings = {ATTRIBUTES = (Public, ); }; };
		0529792AD67C026ACAA6B9DE /* KalturaAnnotationClientPlugin.m in Sources */ = {isa = PBXBuildFile; fileRef = 5F3EFF3162DF36CD5998CCD2 /* KalturaAnnotationClientPlugin.m */; };
		0A04712B34F0F5B5A8AD9D61 /* KalturaBulkUploadClientPlugin.m in Sources */ = {isa = PBXBuildFile; fileRef = F67EA9B61D0E90878D2F309B /* KalturaBulkUploadClientPlugin.m */; };
		0F2F105CE99A86C0715F04CA /* KalturaWidevineClientPlugin.h in Headers */ = {isa = PBXBuildFile; fileRef = E018B419F434DFDD9422CC18 /* KalturaWidevineClientPlugin.h */; settings = {ATTRIBUTES = (Public, ); }; };
		10F227DD5277D74956EE97BC /* KalturaEventNotificationClientPlugin.h in Headers */ = {isa = PBXBuildFile; fileRef = 7893A9C791E605136DCF73B5 /* KalturaEventNotificationClientPlugin.h */; settings = {ATTRIBUTES = (Public, ); }; };
		1417BAF072DB2ACB553206A8 /* KalturaBulkUploadCsvClientPlugin.h in Headers */ = {isa = PBXBuildFile; fileRef = 09BDB1818BFAA9FD3F955B58 /* KalturaBulkUploadCsvClientPlugin.h */; settings = {ATTRIBUTES = (Public, ); }; };
		1879AD4EE5A27B71587A93F5 /* KalturaAnnotationClientPlugin.h in Headers */ = {isa = PBXBuildFile; fileRef = C5F009E9C961D4265D5131C1 /* KalturaAnnotationClientPlugin.h */; settings = {ATTRIBUTES = (Public, ); }; };
		18CE8BAD10B2E9DEE94423F0 /* KalturaAuditClientPlugin.h in Headers */ = {isa = PBXBuildFile; fileRef = A8E2466B467C2CAD9583842B /* KalturaAuditClientPlugin.h */; settings = {ATTRIBUTES = (Public, ); }; };
		1A378AFFB787CBE5532EC11F /* KalturaCodeCuePointClientPlugin.m in Sources */ = {isa = PBXBuildFile; fileRef = 41E8BDB0D5CA63CD55ADBD3B /* KalturaCodeCuePointClientPlugin.m */; };
		1F94C88311EAACF452CB5E09 /* KalturaScheduledTaskContentDistributionClientPlugin.h in Headers */ = {isa = PBXBuildFile; fileRef = 16B1C6682B45F5FD7DA9D388 /* KalturaScheduledTaskContentDistributionClientPlugin.h */; settings = {ATTRIBUTES = (Public, ); }; };
		20D8E13B8779DEA9886ABA13 /* KalturaEmailNotificationClientPlugin.m in Sources */ = {isa = PBXBuildFile; fileRef = 31491DAC839AD6906885467C /* KalturaEmailNotificationClientPlugin.m */; };
		23CBA8DF3D3462B8F560C36C /* KalturaHttpNotificationClientPlugin.m in Sources */ = {isa = PBXBuildFile; fileRef = 3BBF05CA6007F63BCA60F1C9 /* KalturaHttpNotificationClientPlugin.m */; };
		29133456149646BB006D8A8C /* Foundation.framework in Frameworks */ = {isa = PBXBuildFile; fileRef = 29133455149646BB006D8A8C /* Foundation.framework */; };
		291334AD149648C2006D8A8C /* ASIAuthenticationDialog.h in Headers */ = {isa = PBXBuildFile; fileRef = 29133463149648C2006D8A8C /* ASIAuthenticationDialog.h */; settings = {ATTRIBUTES = (Public, ); }; };
		291334AE149648C2006D8A8C /* ASIAuthenticationDialog.m in Sources */ = {isa = PBXBuildFile; fileRef = 29133464149648C2006D8A8C /* ASIAuthenticationDialog.m */; };
		291334AF149648C2006D8A8C /* ASICacheDelegate.h in Headers */ = {isa = PBXBuildFile; fileRef = 29133465149648C2006D8A8C /* ASICacheDelegate.h */; settings = {ATTRIBUTES = (Public, ); }; };
		291334B0149648C2006D8A8C /* ASIDataCompressor.h in Headers */ = {isa = PBXBuildFile; fileRef = 29133466149648C2006D8A8C /* ASIDataCompressor.h */; settings = {ATTRIBUTES = (Public, ); }; };
		291334B1149648C2006D8A8C /* ASIDataCompressor.m in Sources */ = {isa = PBXBuildFile; fileRef = 29133467149648C2006D8A8C /* ASIDataCompressor.m */; };
		291334B2149648C2006D8A8C /* ASIDataDecompressor.h in Headers */ = {isa = PBXBuildFile; fileRef = 29133468149648C2006D8A8C /* ASIDataDecompressor.h */; settings = {ATTRIBUTES = (Public, ); }; };
		291334B3149648C2006D8A8C /* ASIDataDecompressor.m in Sources */ = {isa = PBXBuildFile; fileRef = 29133469149648C2006D8A8C /* ASIDataDecompressor.m */; };
		291334B4149648C2006D8A8C /* ASIDownloadCache.h in Headers */ = {isa = PBXBuildFile; fileRef = 2913346A149648C2006D8A8C /* ASIDownloadCache.h */; settings = {ATTRIBUTES = (Public, ); }; };
		291334B5149648C2006D8A8C /* ASIDownloadCache.m in Sources */ = {isa = PBXBuildFile; fileRef = 2913346B149648C2006D8A8C /* ASIDownloadCache.m */; };
		291334B6149648C2006D8A8C /* ASIFormDataRequest.h in Headers */ = {isa = PBXBuildFile; fileRef = 2913346C149648C2006D8A8C /* ASIFormDataRequest.h */; settings = {ATTRIBUTES = (Public, ); }; };
		291334B7149648C2006D8A8C /* ASIFormDataRequest.m in Sources */ = {isa = PBXBuildFile; fileRef = 2913346D149648C2006D8A8C /* ASIFormDataRequest.m */; };
		291334B8149648C2006D8A8C /* ASIHTTPRequest.h in Headers */ = {isa = PBXBuildFile; fileRef = 2913346E149648C2006D8A8C /* ASIHTTPRequest.h */; settings = {ATTRIBUTES = (Public, ); }; };
		291334B9149648C2006D8A8C /* ASIHTTPRequest.m in Sources */ = {isa = PBXBuildFile; fileRef = 2913346F149648C2006D8A8C /* ASIHTTPRequest.m */; };
		291334BA149648C2006D8A8C /* ASIHTTPRequestConfig.h in Headers */ = {isa = PBXBuildFile; fileRef = 29133470149648C2006D8A8C /* ASIHTTPRequestConfig.h */; settings = {ATTRIBUTES = (Public, ); }; };
		291334BB149648C2006D8A8C /* ASIHTTPRequestDelegate.h in Headers */ = {isa = PBXBuildFile; fileRef = 29133471149648C2006D8A8C /* ASIHTTPRequestDelegate.h */; settings = {ATTRIBUTES = (Public, ); }; };
		291334BC149648C2006D8A8C /* ASIInputStream.h in Headers */ = {isa = PBXBuildFile; fileRef = 29133472149648C2006D8A8C /* ASIInputStream.h */; settings = {ATTRIBUTES = (Public, ); }; };
		291334BD149648C2006D8A8C /* ASIInputStream.m in Sources */ = {isa = PBXBuildFile; fileRef = 29133473149648C2006D8A8C /* ASIInputStream.m */; };
		291334BE149648C2006D8A8C /* ASINetworkQueue.h in Headers */ = {isa = PBXBuildFile; fileRef = 29133474149648C2006D8A8C /* ASINetworkQueue.h */; settings = {ATTRIBUTES = (Public, ); }; };
		291334BF149648C2006D8A8C /* ASINetworkQueue.m in Sources */ = {isa = PBXBuildFile; fileRef = 29133475149648C2006D8A8C /* ASINetworkQueue.m */; };
		291334C0149648C2006D8A8C /* ASIProgressDelegate.h in Headers */ = {isa = PBXBuildFile; fileRef = 29133476149648C2006D8A8C /* ASIProgressDelegate.h */; settings = {ATTRIBUTES = (Public, ); }; };
		291334C1149648C2006D8A8C /* Reachability.h in Headers */ = {isa = PBXBuildFile; fileRef = 29133478149648C2006D8A8C /* Reachability.h */; settings = {ATTRIBUTES = (Public, ); }; };
		291334C2149648C2006D8A8C /* Reachability.m in Sources */ = {isa = PBXBuildFile; fileRef = 29133479149648C2006D8A8C /* Reachability.m */; };
		291334C3149648C2006D8A8C /* KalturaClient.h in Headers */ = {isa = PBXBuildFile; fileRef = 2913347A149648C2006D8A8C /* KalturaClient.h */; settings = {ATTRIBUTES = (Public, ); }; };
		291334C4149648C2006D8A8C /* KalturaClient.m in Sources */ = {isa = PBXBuildFile; fileRef = 2913347B149648C2006D8A8C /* KalturaClient.m */; };
		291334C5149648C2006D8A8C /* KalturaClientBase.h in Headers */ = {isa = PBXBuildFile; fileRef = 2913347C149648C2006D8A8C /* KalturaClientBase.h */; settings = {ATTRIBUTES = (Public, ); }; };
		291334C6149648C2006D8A8C /* KalturaClientBase.m in Sources */ = {isa = PBXBuildFile; fileRef = 2913347D149648C2006D8A8C /* KalturaClientBase.m */; };
		291334F3149648C2006D8A8C /* KalturaXmlParsers.h in Headers */ = {isa = PBXBuildFile; fileRef = 291334AB149648C2006D8A8C /* KalturaXmlParsers.h */; settings = {ATTRIBUTES = (Public, ); }; };
		291334F4149648C2006D8A8C /* KalturaXmlParsers.m in Sources */ = {isa = PBXBuildFile; fileRef = 291334AC149648C2006D8A8C /* KalturaXmlParsers.m */; };
		34252C94F4122DBAEE1CF3E4 /* KalturaCodeCuePointClientPlugin.h in Headers */ = {isa = PBXBuildFile; fileRef = 1D51ED0448125D37FA189B08 /* KalturaCodeCuePointClientPlugin.h */; settings = {ATTRIBUTES = (Public, ); }; };
		36F77DAC3EE8AF1AE645DA2C /* KalturaDrmClientPlugin.h in Headers */ = {isa = PBXBuildFile; fileRef = CE8B7A0D726EEE94D357CFD0 /* KalturaDrmClientPlugin.h */; settings = {ATTRIBUTES = (Public, ); }; };
		37028F298AA8319596D5FDBA /* KalturaLikeClientPlugin.h in Headers */ = {isa = PBXBuildFile; fileRef = 84D9A5AE78CE596F8A6EF96B /* KalturaLikeClientPlugin.h */; settings = {ATTRIBUTES = (Public, ); }; };
		396319EE25E64E8425A54F96 /* KalturaEventCuePointClientPlugin.m in Sources */ = {isa = PBXBuildFile; fileRef = 093CD624F4AA802635A08C52 /* KalturaEventCuePointClientPlugin.m */; };
		396B3CF8C8D16F0837477D99 /* KalturaDropFolderXmlBulkUploadClientPlugin.h in Headers */ = {isa = PBXBuildFile; fileRef = 05BAF761212F83BE00D39E0F /* KalturaDropFolderXmlBulkUploadClientPlugin.h */; settings = {ATTRIBUTES = (Public, ); }; };
		3E2B935633452E675EE8E01E /* KalturaCaptionSearchClientPlugin.m in Sources */ = {isa = PBXBuildFile; fileRef = 437BF9BD7D94A76CC8BD3654 /* KalturaCaptionSearchClientPlugin.m */; };
		431E60E08EBE8F01F5E12667 /* KalturaCuePointClientPlugin.m in Sources */ = {isa = PBXBuildFile; fileRef = 92719DFF995DE1D248A3A7A7 /* KalturaCuePointClientPlugin.m */; };
		43EA7077F7A7AC45140DFE5D /* KalturaBulkUploadFilterClientPlugin.h in Headers */ = {isa = PBXBuildFile; fileRef = 692845A67FFCF398F26B317E /* KalturaBulkUploadFilterClientPlugin.h */; settings = {ATTRIBUTES = (Public, ); }; };
		472EECFC13460A508167EEF6 /* KalturaAsperaClientPlugin.h in Headers */ = {isa = PBXBuildFile; fileRef = FC9080B05F1EED9D56724B1C /* KalturaAsperaClientPlugin.h */; settings = {ATTRIBUTES = (Public, ); }; };
		4B90D11B829F9DB7D344E26A /* KalturaTagSearchClientPlugin.h in Headers */ = {isa = PBXBuildFile; fileRef = 0786FED0516BBE2BFAA06CBD /* KalturaTagSearchClientPlugin.h */; settings = {ATTRIBUTES = (Public, ); }; };
		4CEA9265A16A8D5260D790F1 /* KalturaAttachmentClientPlugin.h in Headers */ = {isa = PBXBuildFile; fileRef = 85A088FA75698F83DD3AC08C /* KalturaAttachmentClientPlugin.h */; settings = {ATTRIBUTES = (Public, ); }; };
		58EF1E7E6C84151F9423EE20 /* KalturaDocumentClientPlugin.h in Headers */ = {isa = PBXBuildFile; fileRef = E3B29AD914AB1D1B83FA9EFB /* KalturaDocumentClientPlugin.h */; settings = {ATTRIBUTES = (Public, ); }; };
		5C08B24EDC7BC9F7E760C0EE /* KalturaEventCuePointClientPlugin.h in Headers */ = {isa = PBXBuildFile; fileRef = C60FD94825A14CB9B67A6B88 /* KalturaEventCuePointClientPlugin.h */; settings = {ATTRIBUTES = (Public, ); }; };
		61C6887AA133634A6FF9549E /* KalturaWidevineClientPlugin.m in Sources */ = {isa = PBXBuildFile; fileRef = CDFBF2D8EA8A9B73A5E5CE9C /* KalturaWidevineClientPlugin.m */; };
		6269B14F22A620FA9220CD90 /* KalturaVirusScanClientPlugin.h in Headers */ = {isa = PBXBuildFile; fileRef = DB08E8F7A5EBD777DA5174B7 /* KalturaVirusScanClientPlugin.h */; settings = {ATTRIBUTES = (Public, ); }; };
		62C0B430935B0A3307EE9543 /* KalturaVarConsoleClientPlugin.m in Sources */ = {isa = PBXBuildFile; fileRef = 2AF237A07D384F518275D05F /* KalturaVarConsoleClientPlugin.m */; };
		65184390CEC13A195F2905C1 /* KalturaDropFolderClientPlugin.h in Headers */ = {isa = PBXBuildFile; fileRef = 2FE65191819E357321626829 /* KalturaDropFolderClientPlugin.h */; settings = {ATTRIBUTES = (Public, ); }; };
		68A28CDBF14BCFF25CC399ED /* KalturaContentDistributionClientPlugin.h in Headers */ = {isa = PBXBuildFile; fileRef = E99530F16DE257003C0B0F54 /* KalturaContentDistributionClientPlugin.h */; settings = {ATTRIBUTES = (Public, ); }; };
		6D7A690EA93609EA25108E47 /* KalturaBulkUploadFilterClientPlugin.m in Sources */ = {isa = PBXBuildFile; fileRef = 29470266D7D45E793B0D5573 /* KalturaBulkUploadFilterClientPlugin.m */; };
		71735A46BBE083A457B77E6D /* KalturaAuditClientPlugin.m in Sources */ = {isa = PBXBuildFile; fileRef = 258CC0D05E764A65A0737A18 /* KalturaAuditClientPlugin.m */; };
		72253DA86D26970D41053446 /* KalturaFileSyncClientPlugin.m in Sources */ = {isa = PBXBuildFile; fileRef = 9121FC19970CD341592F9E7E /* KalturaFileSyncClientPlugin.m */; };
		725007CBCBE9BB268696EBD1 /* KalturaMultiCentersClientPlugin.h in Headers */ = {isa = PBXBuildFile; fileRef = 009944B9475073544DBA482F /* KalturaMultiCentersClientPlugin.h */; settings = {ATTRIBUTES = (Public, ); }; };
		75D70E75740EB7C48AA81E13 /* KalturaWebexDropFolderClientPlugin.h in Headers */ = {isa = PBXBuildFile; fileRef = 86A979D039793F632209DE2D /* KalturaWebexDropFolderClientPlugin.h */; settings = {ATTRIBUTES = (Public, ); }; };
		81CCEB1B9D275B650F4C7D1E /* KalturaBulkUploadXmlClientPlugin.m in Sources */ = {isa = PBXBuildFile; fileRef = 0E27F1E3C226E99873454444 /* KalturaBulkUploadXmlClientPlugin.m */; };
		82D5AAB78F7D45BFECFAF1AC /* KalturaPlayReadyClientPlugin.m in Sources */ = {isa = PBXBuildFile; fileRef = 94FA03F344E4FB4E55A8E221 /* KalturaPlayReadyClientPlugin.m */; };
		8856380E087A46419AE8B3DA /* KalturaScheduledTaskEventNotificationClientPlugin.m in Sources */ = {isa = PBXBuildFile; fileRef = 48AADE771B1A98D0CBA48748 /* KalturaScheduledTaskEventNotificationClientPlugin.m */; };
		8AEF149813446C3987AD80A8 /* KalturaShortLinkClientPlugin.h in Headers */ = {isa = PBXBuildFile; fileRef = 90CA099FBDDF8C3AD0678A9D /* KalturaShortLinkClientPlugin.h */; settings = {ATTRIBUTES = (Public, ); }; };
		8E1A37C9F73D8EBD8FBFDAD4 /* KalturaExternalMediaClientPlugin.h in Headers */ = {isa = PBXBuildFile; fileRef = BA0883C4F2C9E6F2C1C1829D /* KalturaExternalMediaClientPlugin.h */; settings = {ATTRIBUTES = (Public, ); }; };
		8E93D46755EEEFF79FECB1DA /* KalturaScheduledTaskClientPlugin.m in Sources */ = {isa = PBXBuildFile; fileRef = 75DDBCD89627DD0827A6D5FB /* KalturaScheduledTaskClientPlugin.m */; };
		8F2AAC8810FC936C511B7742 /* KalturaEventNotificationClientPlugin.m in Sources */ = {isa = PBXBuildFile; fileRef = E9DEC3F24766D3C7A7B61446 /* KalturaEventNotificationClientPlugin.m */; };
		9215A4B5C10703C267FEA920 /* KalturaAttachmentClientPlugin.m in Sources */ = {isa = PBXBuildFile; fileRef = 24DE9C75FDF94EC1A4BA7A71 /* KalturaAttachmentClientPlugin.m */; };
		9418B61F43597A86C181CD79 /* KalturaAsperaClientPlugin.m in Sources */ = {isa = PBXBuildFile; fileRef = 17BECF8948B00D097D8DB628 /* KalturaAsperaClientPlugin.m */; };
		947988FD2DEEBA504DC50AD2 /* KalturaBulkUploadClientPlugin.h in Headers */ = {isa = PBXBuildFile; fileRef = 6A872D110D10AC1C8C40D4CF /* KalturaBulkUploadClientPlugin.h */; settings = {ATTRIBUTES = (Public, ); }; };
		9AB9FF6D3F99286CF9DD3CD2 /* KalturaVirusScanClientPlugin.m in Sources */ = {isa = PBXBuildFile; fileRef = 1F14DF0B9953D3C677BD6638 /* KalturaVirusScanClientPlugin.m */; };
		9AFAFCCB1440661E2974805E /* KalturaDropFolderXmlBulkUploadClientPlugin.m in Sources */ = {isa = PBXBuildFile; fileRef = 7AC84FA107D3A5BF7BC3082B /* KalturaDropFolderXmlBulkUploadClientPlugin.m */; };
		9D0E6C34B62C939DFA67CF86 /* KalturaEmailNotificationClientPlugin.h in Headers */ = {isa = PBXBuildFile; fileRef = E42D518BB5C877B6E26FD8B7 /* KalturaEmailNotificationClientPlugin.h */; settings = {ATTRIBUTES = (Public, ); }; };
		A4385E9E6B64A851324093B3 /* KalturaVelocixClientPlugin.h in Headers */ = {isa = PBXBuildFile; fileRef = 6AD39981E4F0BFA83C6E4481 /* KalturaVelocixClientPlugin.h */; settings = {ATTRIBUTES = (Public, ); }; };
		A4804130CF77E1EFD3A649A8 /* KalturaDocumentClientPlugin.m in Sources */ = {isa = PBXBuildFile; fileRef = 447D8B8BAEAA44ED61B1E3D8 /* KalturaDocumentClientPlugin.m */; };
		A486CC85A50CBEB3AD2ECD8E /* KalturaDropFolderClientPlugin.m in Sources */ = {isa = PBXBuildFile; fileRef = CAD5643A533DA01C0C1C372A /* KalturaDropFolderClientPlugin.m */; };
		A73D982BA7B926D7E82FA48D /* KalturaFileSyncClientPlugin.h in Headers */ = {isa = PBXBuildFile; fileRef = CB0DA13BA8E7CDFDF56CE44F /* KalturaFileSyncClientPlugin.h */; settings = {ATTRIBUTES = (Public, ); }; };
		A93C0000BFBD97DDB3F6CFB9 /* KalturaExternalMediaClientPlugin.m in Sources */ = {isa = PBXBuildFile; fileRef = 896E1D17CD90D09EA20D1A98 /* KalturaExternalMediaClientPlugin.m */; };
		B0A41C0764577F3DB3220881 /* KalturaCaptionSearchClientPlugin.h in Headers */ = {isa = PBXBuildFile; fileRef = 74211059251545F220CA8B18 /* KalturaCaptionSearchClientPlugin.h */; settings = {ATTRIBUTES = (Public, ); }; };
		B2EB58449022FE3B7417ECBD /* KalturaVelocixClientPlugin.m in Sources */ = {isa = PBXBuildFile; fileRef = 168ADFC8F96DB4C2FE6B1CC9 /* KalturaVelocixClientPlugin.m */; };
		B88B58BD542459AC28F49BDA /* KalturaScheduledTaskContentDistributionClientPlugin.m in Sources */ = {isa = PBXBuildFile; fileRef = 651A64770D0EEEF65E4664F9 /* KalturaScheduledTaskContentDistributionClientPlugin.m */; };
		B95F5E928B1276040CAFBE35 /* KalturaScheduledTaskEventNotificationClientPlugin.h in Headers */ = {isa = PBXBuildFile; fileRef = 0B60395B2A00983810D186EB /* KalturaScheduledTaskEventNotificationClientPlugin.h */; settings = {ATTRIBUTES = (Public, ); }; };
		BBBFDBA5664EC248CD6481D0 /* KalturaMetadataClientPlugin.m in Sources */ = {isa = PBXBuildFile; fileRef = 4398298B26511437265327E1 /* KalturaMetadataClientPlugin.m */; };
		BBFB5240A6CAC8EB119E3F23 /* KalturaPlayReadyClientPlugin.h in Headers */ = {isa = PBXBuildFile; fileRef = A7DD1366B6F8C528D0D419C4 /* KalturaPlayReadyClientPlugin.h */; settings = {ATTRIBUTES = (Public, ); }; };
		BD610473551371312980E52B /* KalturaThumbCuePointClientPlugin.h in Headers */ = {isa = PBXBuildFile; fileRef = 494910335A0E344744B26D1E /* KalturaThumbCuePointClientPlugin.h */; settings = {ATTRIBUTES = (Public, ); }; };
		C37963723A7C9953ADAC8EDB /* KalturaDrmClientPlugin.m in Sources */ = {isa = PBXBuildFile; fileRef = 4C87A167D7F9FE2F70E51FBA /* KalturaDrmClientPlugin.m */; };
		C40270E2C7F97B7E92DB1C45 /* KalturaCaptionClientPlugin.h in Headers */ = {isa = PBXBuildFile; fileRef = D0EB8959DCBA6462884A4E63 /* KalturaCaptionClientPlugin.h */; settings = {ATTRIBUTES = (Public, ); }; };
		C6C77ACD5F354C7F26264771 /* KalturaBulkUploadCsvClientPlugin.m in Sources */ = {isa = PBXBuildFile; fileRef = E9510F50ED72AA95B12F1EDE /* KalturaBulkUploadCsvClientPlugin.m */; };
		CABF45FCF27A9886A27AA925 /* KalturaVarConsoleClientPlugin.h in Headers */ = {isa = PBXBuildFile; fileRef = 36123C16E89C53A19C1758D8 /* KalturaVarConsoleClientPlugin.h */; settings = {ATTRIBUTES = (Public, ); }; };
		CB70DE15749C077286C8CA9B /* KalturaHttpNotificationClientPlugin.h in Headers */ = {isa = PBXBuildFile; fileRef = 607BBDAB2CD44985D5088299 /* KalturaHttpNotificationClientPlugin.h */; settings = {ATTRIBUTES = (Public, ); }; };
		D187C0BB1D440EE5F7B9ECF8 /* KalturaBulkUploadXmlClientPlugin.h in Headers */ = {isa = PBXBuildFile; fileRef = 40BFAD8DD85A6230F44E3599 /* KalturaBulkUploadXmlClientPlugin.h */; settings = {ATTRIBUTES = (Public, ); }; };
		D2E848723F61DB0EBCFF36B9 /* KalturaThumbCuePointClientPlugin.m in Sources */ = {isa = PBXBuildFile; fileRef = 255723E9FD881A5B84A5EFD5 /* KalturaThumbCuePointClientPlugin.m */; };
		D8374A907074AE2F96C6A9A0 /* KalturaScheduledTaskClientPlugin.h in Headers */ = {isa = PBXBuildFile; fileRef = D03F004208B9B9BF60623CF6 /* KalturaScheduledTaskClientPlugin.h */; settings = {ATTRIBUTES = (Public, ); }; };
		DA76F2AD1BE6FC71F8F6437C /* KalturaCuePointClientPlugin.h in Headers */ = {isa = PBXBuildFile; fileRef = BEF1D88FFD496F105E742F36 /* KalturaCuePointClientPlugin.h */; settings = {ATTRIBUTES = (Public, ); }; };
		DF095DCF0880008D3E76553B /* KalturaScheduledTaskMetadataClientPlugin.h in Headers */ = {isa = PBXBuildFile; fileRef = E6C6ABA9829057FA80042F6C /* KalturaScheduledTaskMetadataClientPlugin.h */; settings = {ATTRIBUTES = (Public, ); }; };
		DF2CC90A50DEF67DB8F150FC /* KalturaTagSearchClientPlugin.m in Sources */ = {isa = PBXBuildFile; fileRef = 57CB9EE25360DEFE68A3B356 /* KalturaTagSearchClientPlugin.m */; };
		E071E86A964DB8CA35C748B6 /* KalturaCaptionClientPlugin.m in Sources */ = {isa = PBXBuildFile; fileRef = 128DE031F59353D0A82910EA /* KalturaCaptionClientPlugin.m */; };
		E22935FAEE3F20A001B08387 /* KalturaAdCuePointClientPlugin.m in Sources */ = {isa = PBXBuildFile; fileRef = 4445C9D236BB7568D2AA3C4F /* KalturaAdCuePointClientPlugin.m */; };
		E4C9509338CFBE30FDFEA45F /* KalturaAdCuePointClientPlugin.h in Headers */ = {isa = PBXBuildFile; fileRef = FCAEBA291F1B9C88C7AACDA7 /* KalturaAdCuePointClientPlugin.h */; settings = {ATTRIBUTES = (Public, ); }; };
		E6E07D256ACE4CDB4582CA5D /* KalturaWebexDropFolderClientPlugin.m in Sources */ = {isa = PBXBuildFile; fileRef = 713BA3DA663D696B8C9AB261 /* KalturaWebexDropFolderClientPlugin.m */; };
		EC15F89371862C486C7B9B16 /* KalturaAbcScreenersWatermarkAccessControlClientPlugin.h in Headers */ = {isa = PBXBuildFile; fileRef = ED0DC13712F5B0AFEB0BC675 /* KalturaAbcScreenersWatermarkAccessControlClientPlugin.h */; settings = {ATTRIBUTES = (Public, ); }; };
		EEE05013BC355ADF84C9E0BA /* KalturaAbcScreenersWatermarkAccessControlClientPlugin.m in Sources */ = {isa = PBXBuildFile; fileRef = 4A38A1889ECFFE4AF13408C0 /* KalturaAbcScreenersWatermarkAccessControlClientPlugin.m */; };
		F7741FDAB9E7CE7B5FDEAB76 /* KalturaKontikiClientPlugin.m in Sources */ = {isa = PBXBuildFile; fileRef = 1FEE3D255F8E087B88FD02A2 /* KalturaKontikiClientPlugin.m */; };
		F931E854308BD3B9422AC237 /* KalturaScheduledTaskMetadataClientPlugin.m in Sources */ = {isa = PBXBuildFile; fileRef = D74D91AE36461AB10AD84181 /* KalturaScheduledTaskMetadataClientPlugin.m */; };
		F999E8413865A630F9E5FF8D /* KalturaContentDistributionClientPlugin.m in Sources */ = {isa = PBXBuildFile; fileRef = EBF25845E9C1B33A1AC35120 /* KalturaContentDistributionClientPlugin.m */; };
		FA6FAE5E5156A10BB45DFFC6 /* KalturaLikeClientPlugin.m in Sources */ = {isa = PBXBuildFile; fileRef = 2BEDF905FDCBC9F4796EF6E6 /* KalturaLikeClientPlugin.m */; };
		FA9D15489606E232A077874D /* KalturaMultiCentersClientPlugin.m in Sources */ = {isa = PBXBuildFile; fileRef = 4F11D0287C2F296D62AD9060 /* KalturaMultiCentersClientPlugin.m */; };
		FC26B07803C7F3715AD15865 /* KalturaKontikiClientPlugin.h in Headers */ = {isa = PBXBuildFile; fileRef = 26CECFF6EFBD5339F9A688F9 /* KalturaKontikiClientPlugin.h */; settings = {ATTRIBUTES = (Public, ); }; };
		FCC0356774890D9BBAD4CB32 /* KalturaShortLinkClientPlugin.m in Sources */ = {isa = PBXBuildFile; fileRef = 0EBF3D0129178A92E0641783 /* KalturaShortLinkClientPlugin.m */; };
/* End PBXBuildFile section */

/* Begin PBXFileReference section */
		009944B9475073544DBA482F /* KalturaMultiCentersClientPlugin.h */ = {isa = PBXFileReference; fileEncoding = 4; lastKnownFileType = sourcecode.c.h; path = KalturaMultiCentersClientPlugin.h; sourceTree = "<group>"; };
		05BAF761212F83BE00D39E0F /* KalturaDropFolderXmlBulkUploadClientPlugin.h */ = {isa = PBXFileReference; fileEncoding = 4; lastKnownFileType = sourcecode.c.h; path = KalturaDropFolderXmlBulkUploadClientPlugin.h; sourceTree = "<group>"; };
		0786FED0516BBE2BFAA06CBD /* KalturaTagSearchClientPlugin.h */ = {isa = PBXFileReference; fileEncoding = 4; lastKnownFileType = sourcecode.c.h; path = KalturaTagSearchClientPlugin.h; sourceTree = "<group>"; };
		093CD624F4AA802635A08C52 /* KalturaEventCuePointClientPlugin.m */ = {isa = PBXFileReference; fileEncoding = 4; lastKnownFileType = sourcecode.c.objc; path = KalturaEventCuePointClientPlugin.m; sourceTree = "<group>"; };
		09BDB1818BFAA9FD3F955B58 /* KalturaBulkUploadCsvClientPlugin.h */ = {isa = PBXFileReference; fileEncoding = 4; lastKnownFileType = sourcecode.c.h; path = KalturaBulkUploadCsvClientPlugin.h; sourceTree = "<group>"; };
		0B60395B2A00983810D186EB /* KalturaScheduledTaskEventNotificationClientPlugin.h */ = {isa = PBXFileReference; fileEncoding = 4; lastKnownFileType = sourcecode.c.h; path = KalturaScheduledTaskEventNotificationClientPlugin.h; sourceTree = "<group>"; };
		0E27F1E3C226E99873454444 /* KalturaBulkUploadXmlClientPlugin.m */ = {isa = PBXFileReference; fileEncoding = 4; lastKnownFileType = sourcecode.c.objc; path = KalturaBulkUploadXmlClientPlugin.m; sourceTree = "<group>"; };
		0EBF3D0129178A92E0641783 /* KalturaShortLinkClientPlugin.m */ = {isa = PBXFileReference; fileEncoding = 4; lastKnownFileType = sourcecode.c.objc; path = KalturaShortLinkClientPlugin.m; sourceTree = "<group>"; };
		128DE031F59353D0A82910EA /* KalturaCaptionClientPlugin.m */ = {isa = PBXFileReference; fileEncoding = 4; lastKnownFileType = sourcecode.c.objc; path = KalturaCaptionClientPlugin.m; sourceTree = "<group>"; };
		168ADFC8F96DB4C2FE6B1CC9 /* KalturaVelocixClientPlugin.m */ = {isa = PBXFileReference; fileEncoding = 4; lastKnownFileType = sourcecode.c.objc; path = KalturaVelocixClientPlugin.m; sourceTree = "<group>"; };
		16B1C6682B45F5FD7DA9D388 /* KalturaScheduledTaskContentDistributionClientPlugin.h */ = {isa = PBXFileReference; fileEncoding = 4; lastKnownFileType = sourcecode.c.h; path = KalturaScheduledTaskContentDistributionClientPlugin.h; sourceTree = "<group>"; };
		17BECF8948B00D097D8DB628 /* KalturaAsperaClientPlugin.m */ = {isa = PBXFileReference; fileEncoding = 4; lastKnownFileType = sourcecode.c.objc; path = KalturaAsperaClientPlugin.m; sourceTree = "<group>"; };
		1D51ED0448125D37FA189B08 /* KalturaCodeCuePointClientPlugin.h */ = {isa = PBXFileReference; fileEncoding = 4; lastKnownFileType = sourcecode.c.h; path = KalturaCodeCuePointClientPlugin.h; sourceTree = "<group>"; };
		1F14DF0B9953D3C677BD6638 /* KalturaVirusScanClientPlugin.m */ = {isa = PBXFileReference; fileEncoding = 4; lastKnownFileType = sourcecode.c.objc; path = KalturaVirusScanClientPlugin.m; sourceTree = "<group>"; };
		1FEE3D255F8E087B88FD02A2 /* KalturaKontikiClientPlugin.m */ = {isa = PBXFileReference; fileEncoding = 4; lastKnownFileType = sourcecode.c.objc; path = KalturaKontikiClientPlugin.m; sourceTree = "<group>"; };
		24DE9C75FDF94EC1A4BA7A71 /* KalturaAttachmentClientPlugin.m */ = {isa = PBXFileReference; fileEncoding = 4; lastKnownFileType = sourcecode.c.objc; path = KalturaAttachmentClientPlugin.m; sourceTree = "<group>"; };
		255723E9FD881A5B84A5EFD5 /* KalturaThumbCuePointClientPlugin.m */ = {isa = PBXFileReference; fileEncoding = 4; lastKnownFileType = sourcecode.c.objc; path = KalturaThumbCuePointClientPlugin.m; sourceTree = "<group>"; };
		258CC0D05E764A65A0737A18 /* KalturaAuditClientPlugin.m */ = {isa = PBXFileReference; fileEncoding = 4; lastKnownFileType = sourcecode.c.objc; path = KalturaAuditClientPlugin.m; sourceTree = "<group>"; };
		26CECFF6EFBD5339F9A688F9 /* KalturaKontikiClientPlugin.h */ = {isa = PBXFileReference; fileEncoding = 4; lastKnownFileType = sourcecode.c.h; path = KalturaKontikiClientPlugin.h; sourceTree = "<group>"; };
		29133452149646BB006D8A8C /* libKalturaClient.a */ = {isa = PBXFileReference; explicitFileType = archive.ar; includeInIndex = 0; path = libKalturaClient.a; sourceTree = BUILT_PRODUCTS_DIR; };
		29133455149646BB006D8A8C /* Foundation.framework */ = {isa = PBXFileReference; lastKnownFileType = wrapper.framework; name = Foundation.framework; path = System/Library/Frameworks/Foundation.framework; sourceTree = SDKROOT; };
		29133459149646BB006D8A8C /* KalturaClient-Prefix.pch */ = {isa = PBXFileReference; lastKnownFileType = sourcecode.c.h; path = "KalturaClient-Prefix.pch"; sourceTree = "<group>"; };
		29133463149648C2006D8A8C /* ASIAuthenticationDialog.h */ = {isa = PBXFileReference; fileEncoding = 4; lastKnownFileType = sourcecode.c.h; path = ASIAuthenticationDialog.h; sourceTree = "<group>"; };
		29133464149648C2006D8A8C /* ASIAuthenticationDialog.m */ = {isa = PBXFileReference; fileEncoding = 4; lastKnownFileType = sourcecode.c.objc; path = ASIAuthenticationDialog.m; sourceTree = "<group>"; };
		29133465149648C2006D8A8C /* ASICacheDelegate.h */ = {isa = PBXFileReference; fileEncoding = 4; lastKnownFileType = sourcecode.c.h; path = ASICacheDelegate.h; sourceTree = "<group>"; };
		29133466149648C2006D8A8C /* ASIDataCompressor.h */ = {isa = PBXFileReference; fileEncoding = 4; lastKnownFileType = sourcecode.c.h; path = ASIDataCompressor.h; sourceTree = "<group>"; };
		29133467149648C2006D8A8C /* ASIDataCompressor.m */ = {isa = PBXFileReference; fileEncoding = 4; lastKnownFileType = sourcecode.c.objc; path = ASIDataCompressor.m; sourceTree = "<group>"; };
		29133468149648C2006D8A8C /* ASIDataDecompressor.h */ = {isa = PBXFileReference; fileEncoding = 4; lastKnownFileType = sourcecode.c.h; path = ASIDataDecompressor.h; sourceTree = "<group>"; };
		29133469149648C2006D8A8C /* ASIDataDecompressor.m */ = {isa = PBXFileReference; fileEncoding = 4; lastKnownFileType = sourcecode.c.objc; path = ASIDataDecompressor.m; sourceTree = "<group>"; };
		2913346A149648C2006D8A8C /* ASIDownloadCache.h */ = {isa = PBXFileReference; fileEncoding = 4; lastKnownFileType = sourcecode.c.h; path = ASIDownloadCache.h; sourceTree = "<group>"; };
		2913346B149648C2006D8A8C /* ASIDownloadCache.m */ = {isa = PBXFileReference; fileEncoding = 4; lastKnownFileType = sourcecode.c.objc; path = ASIDownloadCache.m; sourceTree = "<group>"; };
		2913346C149648C2006D8A8C /* ASIFormDataRequest.h */ = {isa = PBXFileReference; fileEncoding = 4; lastKnownFileType = sourcecode.c.h; path = ASIFormDataRequest.h; sourceTree = "<group>"; };
		2913346D149648C2006D8A8C /* ASIFormDataRequest.m */ = {isa = PBXFileReference; fileEncoding = 4; lastKnownFileType = sourcecode.c.objc; path = ASIFormDataRequest.m; sourceTree = "<group>"; };
		2913346E149648C2006D8A8C /* ASIHTTPRequest.h */ = {isa = PBXFileReference; fileEncoding = 4; lastKnownFileType = sourcecode.c.h; path = ASIHTTPRequest.h; sourceTree = "<group>"; };
		2913346F149648C2006D8A8C /* ASIHTTPRequest.m */ = {isa = PBXFileReference; fileEncoding = 4; lastKnownFileType = sourcecode.c.objc; path = ASIHTTPRequest.m; sourceTree = "<group>"; };
		29133470149648C2006D8A8C /* ASIHTTPRequestConfig.h */ = {isa = PBXFileReference; fileEncoding = 4; lastKnownFileType = sourcecode.c.h; path = ASIHTTPRequestConfig.h; sourceTree = "<group>"; };
		29133471149648C2006D8A8C /* ASIHTTPRequestDelegate.h */ = {isa = PBXFileReference; fileEncoding = 4; lastKnownFileType = sourcecode.c.h; path = ASIHTTPRequestDelegate.h; sourceTree = "<group>"; };
		29133472149648C2006D8A8C /* ASIInputStream.h */ = {isa = PBXFileReference; fileEncoding = 4; lastKnownFileType = sourcecode.c.h; path = ASIInputStream.h; sourceTree = "<group>"; };
		29133473149648C2006D8A8C /* ASIInputStream.m */ = {isa = PBXFileReference; fileEncoding = 4; lastKnownFileType = sourcecode.c.objc; path = ASIInputStream.m; sourceTree = "<group>"; };
		29133474149648C2006D8A8C /* ASINetworkQueue.h */ = {isa = PBXFileReference; fileEncoding = 4; lastKnownFileType = sourcecode.c.h; path = ASINetworkQueue.h; sourceTree = "<group>"; };
		29133475149648C2006D8A8C /* ASINetworkQueue.m */ = {isa = PBXFileReference; fileEncoding = 4; lastKnownFileType = sourcecode.c.objc; path = ASINetworkQueue.m; sourceTree = "<group>"; };
		29133476149648C2006D8A8C /* ASIProgressDelegate.h */ = {isa = PBXFileReference; fileEncoding = 4; lastKnownFileType = sourcecode.c.h; path = ASIProgressDelegate.h; sourceTree = "<group>"; };
		29133477149648C2006D8A8C /* LICENSE */ = {isa = PBXFileReference; fileEncoding = 4; lastKnownFileType = text; path = LICENSE; sourceTree = "<group>"; };
		29133478149648C2006D8A8C /* Reachability.h */ = {isa = PBXFileReference; fileEncoding = 4; lastKnownFileType = sourcecode.c.h; path = Reachability.h; sourceTree = "<group>"; };
		29133479149648C2006D8A8C /* Reachability.m */ = {isa = PBXFileReference; fileEncoding = 4; lastKnownFileType = sourcecode.c.objc; path = Reachability.m; sourceTree = "<group>"; };
		2913347A149648C2006D8A8C /* KalturaClient.h */ = {isa = PBXFileReference; fileEncoding = 4; lastKnownFileType = sourcecode.c.h; path = KalturaClient.h; sourceTree = "<group>"; };
		2913347B149648C2006D8A8C /* KalturaClient.m */ = {isa = PBXFileReference; fileEncoding = 4; lastKnownFileType = sourcecode.c.objc; path = KalturaClient.m; sourceTree = "<group>"; };
		2913347C149648C2006D8A8C /* KalturaClientBase.h */ = {isa = PBXFileReference; fileEncoding = 4; lastKnownFileType = sourcecode.c.h; path = KalturaClientBase.h; sourceTree = "<group>"; };
		2913347D149648C2006D8A8C /* KalturaClientBase.m */ = {isa = PBXFileReference; fileEncoding = 4; lastKnownFileType = sourcecode.c.objc; path = KalturaClientBase.m; sourceTree = "<group>"; };
		291334AB149648C2006D8A8C /* KalturaXmlParsers.h */ = {isa = PBXFileReference; fileEncoding = 4; lastKnownFileType = sourcecode.c.h; path = KalturaXmlParsers.h; sourceTree = "<group>"; };
		291334AC149648C2006D8A8C /* KalturaXmlParsers.m */ = {isa = PBXFileReference; fileEncoding = 4; lastKnownFileType = sourcecode.c.objc; path = KalturaXmlParsers.m; sourceTree = "<group>"; };
		29470266D7D45E793B0D5573 /* KalturaBulkUploadFilterClientPlugin.m */ = {isa = PBXFileReference; fileEncoding = 4; lastKnownFileType = sourcecode.c.objc; path = KalturaBulkUploadFilterClientPlugin.m; sourceTree = "<group>"; };
		2AF237A07D384F518275D05F /* KalturaVarConsoleClientPlugin.m */ = {isa = PBXFileReference; fileEncoding = 4; lastKnownFileType = sourcecode.c.objc; path = KalturaVarConsoleClientPlugin.m; sourceTree = "<group>"; };
		2BEDF905FDCBC9F4796EF6E6 /* KalturaLikeClientPlugin.m */ = {isa = PBXFileReference; fileEncoding = 4; lastKnownFileType = sourcecode.c.objc; path = KalturaLikeClientPlugin.m; sourceTree = "<group>"; };
		2FE65191819E357321626829 /* KalturaDropFolderClientPlugin.h */ = {isa = PBXFileReference; fileEncoding = 4; lastKnownFileType = sourcecode.c.h; path = KalturaDropFolderClientPlugin.h; sourceTree = "<group>"; };
		31491DAC839AD6906885467C /* KalturaEmailNotificationClientPlugin.m */ = {isa = PBXFileReference; fileEncoding = 4; lastKnownFileType = sourcecode.c.objc; path = KalturaEmailNotificationClientPlugin.m; sourceTree = "<group>"; };
		36123C16E89C53A19C1758D8 /* KalturaVarConsoleClientPlugin.h */ = {isa = PBXFileReference; fileEncoding = 4; lastKnownFileType = sourcecode.c.h; path = KalturaVarConsoleClientPlugin.h; sourceTree = "<group>"; };
		3B000AF42A115BEF5CAAFEEC /* KalturaMetadataClientPlugin.h */ = {isa = PBXFileReference; fileEncoding = 4; lastKnownFileType = sourcecode.c.h; path = KalturaMetadataClientPlugin.h; sourceTree = "<group>"; };
		3BBF05CA6007F63BCA60F1C9 /* KalturaHttpNotificationClientPlugin.m */ = {isa = PBXFileReference; fileEncoding = 4; lastKnownFileType = sourcecode.c.objc; path = KalturaHttpNotificationClientPlugin.m; sourceTree = "<group>"; };
		40BFAD8DD85A6230F44E3599 /* KalturaBulkUploadXmlClientPlugin.h */ = {isa = PBXFileReference; fileEncoding = 4; lastKnownFileType = sourcecode.c.h; path = KalturaBulkUploadXmlClientPlugin.h; sourceTree = "<group>"; };
		41E8BDB0D5CA63CD55ADBD3B /* KalturaCodeCuePointClientPlugin.m */ = {isa = PBXFileReference; fileEncoding = 4; lastKnownFileType = sourcecode.c.objc; path = KalturaCodeCuePointClientPlugin.m; sourceTree = "<group>"; };
		437BF9BD7D94A76CC8BD3654 /* KalturaCaptionSearchClientPlugin.m */ = {isa = PBXFileReference; fileEncoding = 4; lastKnownFileType = sourcecode.c.objc; path = KalturaCaptionSearchClientPlugin.m; sourceTree = "<group>"; };
		4398298B26511437265327E1 /* KalturaMetadataClientPlugin.m */ = {isa = PBXFileReference; fileEncoding = 4; lastKnownFileType = sourcecode.c.objc; path = KalturaMetadataClientPlugin.m; sourceTree = "<group>"; };
		4445C9D236BB7568D2AA3C4F /* KalturaAdCuePointClientPlugin.m */ = {isa = PBXFileReference; fileEncoding = 4; lastKnownFileType = sourcecode.c.objc; path = KalturaAdCuePointClientPlugin.m; sourceTree = "<group>"; };
		447D8B8BAEAA44ED61B1E3D8 /* KalturaDocumentClientPlugin.m */ = {isa = PBXFileReference; fileEncoding = 4; lastKnownFileType = sourcecode.c.objc; path = KalturaDocumentClientPlugin.m; sourceTree = "<group>"; };
		48AADE771B1A98D0CBA48748 /* KalturaScheduledTaskEventNotificationClientPlugin.m */ = {isa = PBXFileReference; fileEncoding = 4; lastKnownFileType = sourcecode.c.objc; path = KalturaScheduledTaskEventNotificationClientPlugin.m; sourceTree = "<group>"; };
		494910335A0E344744B26D1E /* KalturaThumbCuePointClientPlugin.h */ = {isa = PBXFileReference; fileEncoding = 4; lastKnownFileType = sourcecode.c.h; path = KalturaThumbCuePointClientPlugin.h; sourceTree = "<group>"; };
		4A38A1889ECFFE4AF13408C0 /* KalturaAbcScreenersWatermarkAccessControlClientPlugin.m */ = {isa = PBXFileReference; fileEncoding = 4; lastKnownFileType = sourcecode.c.objc; path = KalturaAbcScreenersWatermarkAccessControlClientPlugin.m; sourceTree = "<group>"; };
		4C87A167D7F9FE2F70E51FBA /* KalturaDrmClientPlugin.m */ = {isa = PBXFileReference; fileEncoding = 4; lastKnownFileType = sourcecode.c.objc; path = KalturaDrmClientPlugin.m; sourceTree = "<group>"; };
		4F11D0287C2F296D62AD9060 /* KalturaMultiCentersClientPlugin.m */ = {isa = PBXFileReference; fileEncoding = 4; lastKnownFileType = sourcecode.c.objc; path = KalturaMultiCentersClientPlugin.m; sourceTree = "<group>"; };
		57CB9EE25360DEFE68A3B356 /* KalturaTagSearchClientPlugin.m */ = {isa = PBXFileReference; fileEncoding = 4; lastKnownFileType = sourcecode.c.objc; path = KalturaTagSearchClientPlugin.m; sourceTree = "<group>"; };
		5F3EFF3162DF36CD5998CCD2 /* KalturaAnnotationClientPlugin.m */ = {isa = PBXFileReference; fileEncoding = 4; lastKnownFileType = sourcecode.c.objc; path = KalturaAnnotationClientPlugin.m; sourceTree = "<group>"; };
		607BBDAB2CD44985D5088299 /* KalturaHttpNotificationClientPlugin.h */ = {isa = PBXFileReference; fileEncoding = 4; lastKnownFileType = sourcecode.c.h; path = KalturaHttpNotificationClientPlugin.h; sourceTree = "<group>"; };
		651A64770D0EEEF65E4664F9 /* KalturaScheduledTaskContentDistributionClientPlugin.m */ = {isa = PBXFileReference; fileEncoding = 4; lastKnownFileType = sourcecode.c.objc; path = KalturaScheduledTaskContentDistributionClientPlugin.m; sourceTree = "<group>"; };
		692845A67FFCF398F26B317E /* KalturaBulkUploadFilterClientPlugin.h */ = {isa = PBXFileReference; fileEncoding = 4; lastKnownFileType = sourcecode.c.h; path = KalturaBulkUploadFilterClientPlugin.h; sourceTree = "<group>"; };
		6A872D110D10AC1C8C40D4CF /* KalturaBulkUploadClientPlugin.h */ = {isa = PBXFileReference; fileEncoding = 4; lastKnownFileType = sourcecode.c.h; path = KalturaBulkUploadClientPlugin.h; sourceTree = "<group>"; };
		6AD39981E4F0BFA83C6E4481 /* KalturaVelocixClientPlugin.h */ = {isa = PBXFileReference; fileEncoding = 4; lastKnownFileType = sourcecode.c.h; path = KalturaVelocixClientPlugin.h; sourceTree = "<group>"; };
		713BA3DA663D696B8C9AB261 /* KalturaWebexDropFolderClientPlugin.m */ = {isa = PBXFileReference; fileEncoding = 4; lastKnownFileType = sourcecode.c.objc; path = KalturaWebexDropFolderClientPlugin.m; sourceTree = "<group>"; };
		74211059251545F220CA8B18 /* KalturaCaptionSearchClientPlugin.h */ = {isa = PBXFileReference; fileEncoding = 4; lastKnownFileType = sourcecode.c.h; path = KalturaCaptionSearchClientPlugin.h; sourceTree = "<group>"; };
		75DDBCD89627DD0827A6D5FB /* KalturaScheduledTaskClientPlugin.m */ = {isa = PBXFileReference; fileEncoding = 4; lastKnownFileType = sourcecode.c.objc; path = KalturaScheduledTaskClientPlugin.m; sourceTree = "<group>"; };
		7893A9C791E605136DCF73B5 /* KalturaEventNotificationClientPlugin.h */ = {isa = PBXFileReference; fileEncoding = 4; lastKnownFileType = sourcecode.c.h; path = KalturaEventNotificationClientPlugin.h; sourceTree = "<group>"; };
		7AC84FA107D3A5BF7BC3082B /* KalturaDropFolderXmlBulkUploadClientPlugin.m */ = {isa = PBXFileReference; fileEncoding = 4; lastKnownFileType = sourcecode.c.objc; path = KalturaDropFolderXmlBulkUploadClientPlugin.m; sourceTree = "<group>"; };
		84D9A5AE78CE596F8A6EF96B /* KalturaLikeClientPlugin.h */ = {isa = PBXFileReference; fileEncoding = 4; lastKnownFileType = sourcecode.c.h; path = KalturaLikeClientPlugin.h; sourceTree = "<group>"; };
		85A088FA75698F83DD3AC08C /* KalturaAttachmentClientPlugin.h */ = {isa = PBXFileReference; fileEncoding = 4; lastKnownFileType = sourcecode.c.h; path = KalturaAttachmentClientPlugin.h; sourceTree = "<group>"; };
		86A979D039793F632209DE2D /* KalturaWebexDropFolderClientPlugin.h */ = {isa = PBXFileReference; fileEncoding = 4; lastKnownFileType = sourcecode.c.h; path = KalturaWebexDropFolderClientPlugin.h; sourceTree = "<group>"; };
		896E1D17CD90D09EA20D1A98 /* KalturaExternalMediaClientPlugin.m */ = {isa = PBXFileReference; fileEncoding = 4; lastKnownFileType = sourcecode.c.objc; path = KalturaExternalMediaClientPlugin.m; sourceTree = "<group>"; };
		90CA099FBDDF8C3AD0678A9D /* KalturaShortLinkClientPlugin.h */ = {isa = PBXFileReference; fileEncoding = 4; lastKnownFileType = sourcecode.c.h; path = KalturaShortLinkClientPlugin.h; sourceTree = "<group>"; };
		9121FC19970CD341592F9E7E /* KalturaFileSyncClientPlugin.m */ = {isa = PBXFileReference; fileEncoding = 4; lastKnownFileType = sourcecode.c.objc; path = KalturaFileSyncClientPlugin.m; sourceTree = "<group>"; };
		92719DFF995DE1D248A3A7A7 /* KalturaCuePointClientPlugin.m */ = {isa = PBXFileReference; fileEncoding = 4; lastKnownFileType = sourcecode.c.objc; path = KalturaCuePointClientPlugin.m; sourceTree = "<group>"; };
		94FA03F344E4FB4E55A8E221 /* KalturaPlayReadyClientPlugin.m */ = {isa = PBXFileReference; fileEncoding = 4; lastKnownFileType = sourcecode.c.objc; path = KalturaPlayReadyClientPlugin.m; sourceTree = "<group>"; };
		A7DD1366B6F8C528D0D419C4 /* KalturaPlayReadyClientPlugin.h */ = {isa = PBXFileReference; fileEncoding = 4; lastKnownFileType = sourcecode.c.h; path = KalturaPlayReadyClientPlugin.h; sourceTree = "<group>"; };
		A8E2466B467C2CAD9583842B /* KalturaAuditClientPlugin.h */ = {isa = PBXFileReference; fileEncoding = 4; lastKnownFileType = sourcecode.c.h; path = KalturaAuditClientPlugin.h; sourceTree = "<group>"; };
		BA0883C4F2C9E6F2C1C1829D /* KalturaExternalMediaClientPlugin.h */ = {isa = PBXFileReference; fileEncoding = 4; lastKnownFileType = sourcecode.c.h; path = KalturaExternalMediaClientPlugin.h; sourceTree = "<group>"; };
		BEF1D88FFD496F105E742F36 /* KalturaCuePointClientPlugin.h */ = {isa = PBXFileReference; fileEncoding = 4; lastKnownFileType = sourcecode.c.h; path = KalturaCuePointClientPlugin.h; sourceTree = "<group>"; };
		C5F009E9C961D4265D5131C1 /* KalturaAnnotationClientPlugin.h */ = {isa = PBXFileReference; fileEncoding = 4; lastKnownFileType = sourcecode.c.h; path = KalturaAnnotationClientPlugin.h; sourceTree = "<group>"; };
		C60FD94825A14CB9B67A6B88 /* KalturaEventCuePointClientPlugin.h */ = {isa = PBXFileReference; fileEncoding = 4; lastKnownFileType = sourcecode.c.h; path = KalturaEventCuePointClientPlugin.h; sourceTree = "<group>"; };
		CAD5643A533DA01C0C1C372A /* KalturaDropFolderClientPlugin.m */ = {isa = PBXFileReference; fileEncoding = 4; lastKnownFileType = sourcecode.c.objc; path = KalturaDropFolderClientPlugin.m; sourceTree = "<group>"; };
		CB0DA13BA8E7CDFDF56CE44F /* KalturaFileSyncClientPlugin.h */ = {isa = PBXFileReference; fileEncoding = 4; lastKnownFileType = sourcecode.c.h; path = KalturaFileSyncClientPlugin.h; sourceTree = "<group>"; };
		CDFBF2D8EA8A9B73A5E5CE9C /* KalturaWidevineClientPlugin.m */ = {isa = PBXFileReference; fileEncoding = 4; lastKnownFileType = sourcecode.c.objc; path = KalturaWidevineClientPlugin.m; sourceTree = "<group>"; };
		CE8B7A0D726EEE94D357CFD0 /* KalturaDrmClientPlugin.h */ = {isa = PBXFileReference; fileEncoding = 4; lastKnownFileType = sourcecode.c.h; path = KalturaDrmClientPlugin.h; sourceTree = "<group>"; };
		D03F004208B9B9BF60623CF6 /* KalturaScheduledTaskClientPlugin.h */ = {isa = PBXFileReference; fileEncoding = 4; lastKnownFileType = sourcecode.c.h; path = KalturaScheduledTaskClientPlugin.h; sourceTree = "<group>"; };
		D0EB8959DCBA6462884A4E63 /* KalturaCaptionClientPlugin.h */ = {isa = PBXFileReference; fileEncoding = 4; lastKnownFileType = sourcecode.c.h; path = KalturaCaptionClientPlugin.h; sourceTree = "<group>"; };
		D74D91AE36461AB10AD84181 /* KalturaScheduledTaskMetadataClientPlugin.m */ = {isa = PBXFileReference; fileEncoding = 4; lastKnownFileType = sourcecode.c.objc; path = KalturaScheduledTaskMetadataClientPlugin.m; sourceTree = "<group>"; };
		DB08E8F7A5EBD777DA5174B7 /* KalturaVirusScanClientPlugin.h */ = {isa = PBXFileReference; fileEncoding = 4; lastKnownFileType = sourcecode.c.h; path = KalturaVirusScanClientPlugin.h; sourceTree = "<group>"; };
		E018B419F434DFDD9422CC18 /* KalturaWidevineClientPlugin.h */ = {isa = PBXFileReference; fileEncoding = 4; lastKnownFileType = sourcecode.c.h; path = KalturaWidevineClientPlugin.h; sourceTree = "<group>"; };
		E3B29AD914AB1D1B83FA9EFB /* KalturaDocumentClientPlugin.h */ = {isa = PBXFileReference; fileEncoding = 4; lastKnownFileType = sourcecode.c.h; path = KalturaDocumentClientPlugin.h; sourceTree = "<group>"; };
		E42D518BB5C877B6E26FD8B7 /* KalturaEmailNotificationClientPlugin.h */ = {isa = PBXFileReference; fileEncoding = 4; lastKnownFileType = sourcecode.c.h; path = KalturaEmailNotificationClientPlugin.h; sourceTree = "<group>"; };
		E6C6ABA9829057FA80042F6C /* KalturaScheduledTaskMetadataClientPlugin.h */ = {isa = PBXFileReference; fileEncoding = 4; lastKnownFileType = sourcecode.c.h; path = KalturaScheduledTaskMetadataClientPlugin.h; sourceTree = "<group>"; };
		E9510F50ED72AA95B12F1EDE /* KalturaBulkUploadCsvClientPlugin.m */ = {isa = PBXFileReference; fileEncoding = 4; lastKnownFileType = sourcecode.c.objc; path = KalturaBulkUploadCsvClientPlugin.m; sourceTree = "<group>"; };
		E99530F16DE257003C0B0F54 /* KalturaContentDistributionClientPlugin.h */ = {isa = PBXFileReference; fileEncoding = 4; lastKnownFileType = sourcecode.c.h; path = KalturaContentDistributionClientPlugin.h; sourceTree = "<group>"; };
		E9DEC3F24766D3C7A7B61446 /* KalturaEventNotificationClientPlugin.m */ = {isa = PBXFileReference; fileEncoding = 4; lastKnownFileType = sourcecode.c.objc; path = KalturaEventNotificationClientPlugin.m; sourceTree = "<group>"; };
		EBF25845E9C1B33A1AC35120 /* KalturaContentDistributionClientPlugin.m */ = {isa = PBXFileReference; fileEncoding = 4; lastKnownFileType = sourcecode.c.objc; path = KalturaContentDistributionClientPlugin.m; sourceTree = "<group>"; };
		ED0DC13712F5B0AFEB0BC675 /* KalturaAbcScreenersWatermarkAccessControlClientPlugin.h */ = {isa = PBXFileReference; fileEncoding = 4; lastKnownFileType = sourcecode.c.h; path = KalturaAbcScreenersWatermarkAccessControlClientPlugin.h; sourceTree = "<group>"; };
		F67EA9B61D0E90878D2F309B /* KalturaBulkUploadClientPlugin.m */ = {isa = PBXFileReference; fileEncoding = 4; lastKnownFileType = sourcecode.c.objc; path = KalturaBulkUploadClientPlugin.m; sourceTree = "<group>"; };
		FC9080B05F1EED9D56724B1C /* KalturaAsperaClientPlugin.h */ = {isa = PBXFileReference; fileEncoding = 4; lastKnownFileType = sourcecode.c.h; path = KalturaAsperaClientPlugin.h; sourceTree = "<group>"; };
		FCAEBA291F1B9C88C7AACDA7 /* KalturaAdCuePointClientPlugin.h */ = {isa = PBXFileReference; fileEncoding = 4; lastKnownFileType = sourcecode.c.h; path = KalturaAdCuePointClientPlugin.h; sourceTree = "<group>"; };
/* End PBXFileReference section */

/* Begin PBXFrameworksBuildPhase section */
		2913344F149646BB006D8A8C /* Frameworks */ = {
			isa = PBXFrameworksBuildPhase;
			buildActionMask = 2147483647;
			files = (
				29133456149646BB006D8A8C /* Foundation.framework in Frameworks */,
			);
			runOnlyForDeploymentPostprocessing = 0;
		};
/* End PBXFrameworksBuildPhase section */

/* Begin PBXGroup section */
		29133447149646BB006D8A8C = {
			isa = PBXGroup;
			children = (
				29133457149646BB006D8A8C /* KalturaClient */,
				29133454149646BB006D8A8C /* Frameworks */,
				29133453149646BB006D8A8C /* Products */,
			);
			sourceTree = "<group>";
		};
		29133453149646BB006D8A8C /* Products */ = {
			isa = PBXGroup;
			children = (
				29133452149646BB006D8A8C /* libKalturaClient.a */,
			);
			name = Products;
			sourceTree = "<group>";
		};
		29133454149646BB006D8A8C /* Frameworks */ = {
			isa = PBXGroup;
			children = (
				29133455149646BB006D8A8C /* Foundation.framework */,
			);
			name = Frameworks;
			sourceTree = "<group>";
		};
		29133457149646BB006D8A8C /* KalturaClient */ = {
			isa = PBXGroup;
			children = (
				29133462149648C2006D8A8C /* ASIHttpRequest */,
				2913347A149648C2006D8A8C /* KalturaClient.h */,
				2913347B149648C2006D8A8C /* KalturaClient.m */,
				2913347C149648C2006D8A8C /* KalturaClientBase.h */,
				2913347D149648C2006D8A8C /* KalturaClientBase.m */,
				2913347E149648C2006D8A8C /* KalturaPlugins */,
				291334AB149648C2006D8A8C /* KalturaXmlParsers.h */,
				291334AC149648C2006D8A8C /* KalturaXmlParsers.m */,
				29133458149646BB006D8A8C /* Supporting Files */,
			);
			path = KalturaClient;
			sourceTree = "<group>";
		};
		29133458149646BB006D8A8C /* Supporting Files */ = {
			isa = PBXGroup;
			children = (
				29133459149646BB006D8A8C /* KalturaClient-Prefix.pch */,
			);
			name = "Supporting Files";
			sourceTree = "<group>";
		};
		29133462149648C2006D8A8C /* ASIHttpRequest */ = {
			isa = PBXGroup;
			children = (
				29133463149648C2006D8A8C /* ASIAuthenticationDialog.h */,
				29133464149648C2006D8A8C /* ASIAuthenticationDialog.m */,
				29133465149648C2006D8A8C /* ASICacheDelegate.h */,
				29133466149648C2006D8A8C /* ASIDataCompressor.h */,
				29133467149648C2006D8A8C /* ASIDataCompressor.m */,
				29133468149648C2006D8A8C /* ASIDataDecompressor.h */,
				29133469149648C2006D8A8C /* ASIDataDecompressor.m */,
				2913346A149648C2006D8A8C /* ASIDownloadCache.h */,
				2913346B149648C2006D8A8C /* ASIDownloadCache.m */,
				2913346C149648C2006D8A8C /* ASIFormDataRequest.h */,
				2913346D149648C2006D8A8C /* ASIFormDataRequest.m */,
				2913346E149648C2006D8A8C /* ASIHTTPRequest.h */,
				2913346F149648C2006D8A8C /* ASIHTTPRequest.m */,
				29133470149648C2006D8A8C /* ASIHTTPRequestConfig.h */,
				29133471149648C2006D8A8C /* ASIHTTPRequestDelegate.h */,
				29133472149648C2006D8A8C /* ASIInputStream.h */,
				29133473149648C2006D8A8C /* ASIInputStream.m */,
				29133474149648C2006D8A8C /* ASINetworkQueue.h */,
				29133475149648C2006D8A8C /* ASINetworkQueue.m */,
				29133476149648C2006D8A8C /* ASIProgressDelegate.h */,
				29133477149648C2006D8A8C /* LICENSE */,
				29133478149648C2006D8A8C /* Reachability.h */,
				29133479149648C2006D8A8C /* Reachability.m */,
			);
			path = ASIHttpRequest;
			sourceTree = "<group>";
		};
		2913347E149648C2006D8A8C /* KalturaPlugins */ = {
			isa = PBXGroup;
			children = (
				3B000AF42A115BEF5CAAFEEC /* KalturaMetadataClientPlugin.h */,
				4398298B26511437265327E1 /* KalturaMetadataClientPlugin.m */,
				E3B29AD914AB1D1B83FA9EFB /* KalturaDocumentClientPlugin.h */,
				447D8B8BAEAA44ED61B1E3D8 /* KalturaDocumentClientPlugin.m */,
				FCAEBA291F1B9C88C7AACDA7 /* KalturaAdCuePointClientPlugin.h */,
				4445C9D236BB7568D2AA3C4F /* KalturaAdCuePointClientPlugin.m */,
				C5F009E9C961D4265D5131C1 /* KalturaAnnotationClientPlugin.h */,
				5F3EFF3162DF36CD5998CCD2 /* KalturaAnnotationClientPlugin.m */,
				FC9080B05F1EED9D56724B1C /* KalturaAsperaClientPlugin.h */,
				17BECF8948B00D097D8DB628 /* KalturaAsperaClientPlugin.m */,
				85A088FA75698F83DD3AC08C /* KalturaAttachmentClientPlugin.h */,
				24DE9C75FDF94EC1A4BA7A71 /* KalturaAttachmentClientPlugin.m */,
				A8E2466B467C2CAD9583842B /* KalturaAuditClientPlugin.h */,
				258CC0D05E764A65A0737A18 /* KalturaAuditClientPlugin.m */,
				6A872D110D10AC1C8C40D4CF /* KalturaBulkUploadClientPlugin.h */,
				F67EA9B61D0E90878D2F309B /* KalturaBulkUploadClientPlugin.m */,
				09BDB1818BFAA9FD3F955B58 /* KalturaBulkUploadCsvClientPlugin.h */,
				E9510F50ED72AA95B12F1EDE /* KalturaBulkUploadCsvClientPlugin.m */,
				40BFAD8DD85A6230F44E3599 /* KalturaBulkUploadXmlClientPlugin.h */,
				0E27F1E3C226E99873454444 /* KalturaBulkUploadXmlClientPlugin.m */,
				D0EB8959DCBA6462884A4E63 /* KalturaCaptionClientPlugin.h */,
				128DE031F59353D0A82910EA /* KalturaCaptionClientPlugin.m */,
				74211059251545F220CA8B18 /* KalturaCaptionSearchClientPlugin.h */,
				437BF9BD7D94A76CC8BD3654 /* KalturaCaptionSearchClientPlugin.m */,
				1D51ED0448125D37FA189B08 /* KalturaCodeCuePointClientPlugin.h */,
				41E8BDB0D5CA63CD55ADBD3B /* KalturaCodeCuePointClientPlugin.m */,
				494910335A0E344744B26D1E /* KalturaThumbCuePointClientPlugin.h */,
				255723E9FD881A5B84A5EFD5 /* KalturaThumbCuePointClientPlugin.m */,
				E99530F16DE257003C0B0F54 /* KalturaContentDistributionClientPlugin.h */,
				EBF25845E9C1B33A1AC35120 /* KalturaContentDistributionClientPlugin.m */,
				BEF1D88FFD496F105E742F36 /* KalturaCuePointClientPlugin.h */,
				92719DFF995DE1D248A3A7A7 /* KalturaCuePointClientPlugin.m */,
				2FE65191819E357321626829 /* KalturaDropFolderClientPlugin.h */,
				CAD5643A533DA01C0C1C372A /* KalturaDropFolderClientPlugin.m */,
				05BAF761212F83BE00D39E0F /* KalturaDropFolderXmlBulkUploadClientPlugin.h */,
				7AC84FA107D3A5BF7BC3082B /* KalturaDropFolderXmlBulkUploadClientPlugin.m */,
				E42D518BB5C877B6E26FD8B7 /* KalturaEmailNotificationClientPlugin.h */,
				31491DAC839AD6906885467C /* KalturaEmailNotificationClientPlugin.m */,
				7893A9C791E605136DCF73B5 /* KalturaEventNotificationClientPlugin.h */,
				E9DEC3F24766D3C7A7B61446 /* KalturaEventNotificationClientPlugin.m */,
				607BBDAB2CD44985D5088299 /* KalturaHttpNotificationClientPlugin.h */,
				3BBF05CA6007F63BCA60F1C9 /* KalturaHttpNotificationClientPlugin.m */,
				CB0DA13BA8E7CDFDF56CE44F /* KalturaFileSyncClientPlugin.h */,
				9121FC19970CD341592F9E7E /* KalturaFileSyncClientPlugin.m */,
				84D9A5AE78CE596F8A6EF96B /* KalturaLikeClientPlugin.h */,
				2BEDF905FDCBC9F4796EF6E6 /* KalturaLikeClientPlugin.m */,
				009944B9475073544DBA482F /* KalturaMultiCentersClientPlugin.h */,
				4F11D0287C2F296D62AD9060 /* KalturaMultiCentersClientPlugin.m */,
				90CA099FBDDF8C3AD0678A9D /* KalturaShortLinkClientPlugin.h */,
				0EBF3D0129178A92E0641783 /* KalturaShortLinkClientPlugin.m */,
				0786FED0516BBE2BFAA06CBD /* KalturaTagSearchClientPlugin.h */,
				57CB9EE25360DEFE68A3B356 /* KalturaTagSearchClientPlugin.m */,
				36123C16E89C53A19C1758D8 /* KalturaVarConsoleClientPlugin.h */,
				2AF237A07D384F518275D05F /* KalturaVarConsoleClientPlugin.m */,
				DB08E8F7A5EBD777DA5174B7 /* KalturaVirusScanClientPlugin.h */,
				1F14DF0B9953D3C677BD6638 /* KalturaVirusScanClientPlugin.m */,
				ED0DC13712F5B0AFEB0BC675 /* KalturaAbcScreenersWatermarkAccessControlClientPlugin.h */,
				4A38A1889ECFFE4AF13408C0 /* KalturaAbcScreenersWatermarkAccessControlClientPlugin.m */,
				BA0883C4F2C9E6F2C1C1829D /* KalturaExternalMediaClientPlugin.h */,
				896E1D17CD90D09EA20D1A98 /* KalturaExternalMediaClientPlugin.m */,
				CE8B7A0D726EEE94D357CFD0 /* KalturaDrmClientPlugin.h */,
				4C87A167D7F9FE2F70E51FBA /* KalturaDrmClientPlugin.m */,
				E018B419F434DFDD9422CC18 /* KalturaWidevineClientPlugin.h */,
				CDFBF2D8EA8A9B73A5E5CE9C /* KalturaWidevineClientPlugin.m */,
				86A979D039793F632209DE2D /* KalturaWebexDropFolderClientPlugin.h */,
				713BA3DA663D696B8C9AB261 /* KalturaWebexDropFolderClientPlugin.m */,
				26CECFF6EFBD5339F9A688F9 /* KalturaKontikiClientPlugin.h */,
				1FEE3D255F8E087B88FD02A2 /* KalturaKontikiClientPlugin.m */,
				6AD39981E4F0BFA83C6E4481 /* KalturaVelocixClientPlugin.h */,
				168ADFC8F96DB4C2FE6B1CC9 /* KalturaVelocixClientPlugin.m */,
				D03F004208B9B9BF60623CF6 /* KalturaScheduledTaskClientPlugin.h */,
				75DDBCD89627DD0827A6D5FB /* KalturaScheduledTaskClientPlugin.m */,
				0B60395B2A00983810D186EB /* KalturaScheduledTaskEventNotificationClientPlugin.h */,
				48AADE771B1A98D0CBA48748 /* KalturaScheduledTaskEventNotificationClientPlugin.m */,
				E6C6ABA9829057FA80042F6C /* KalturaScheduledTaskMetadataClientPlugin.h */,
				D74D91AE36461AB10AD84181 /* KalturaScheduledTaskMetadataClientPlugin.m */,
				16B1C6682B45F5FD7DA9D388 /* KalturaScheduledTaskContentDistributionClientPlugin.h */,
				651A64770D0EEEF65E4664F9 /* KalturaScheduledTaskContentDistributionClientPlugin.m */,
				692845A67FFCF398F26B317E /* KalturaBulkUploadFilterClientPlugin.h */,
				29470266D7D45E793B0D5573 /* KalturaBulkUploadFilterClientPlugin.m */,
				A7DD1366B6F8C528D0D419C4 /* KalturaPlayReadyClientPlugin.h */,
				94FA03F344E4FB4E55A8E221 /* KalturaPlayReadyClientPlugin.m */,
				C60FD94825A14CB9B67A6B88 /* KalturaEventCuePointClientPlugin.h */,
				093CD624F4AA802635A08C52 /* KalturaEventCuePointClientPlugin.m */,
			);
			path = KalturaPlugins;
			sourceTree = "<group>";
		};
/* End PBXGroup section */

/* Begin PBXHeadersBuildPhase section */
		29133450149646BB006D8A8C /* Headers */ = {
			isa = PBXHeadersBuildPhase;
			buildActionMask = 2147483647;
			files = (
				291334AD149648C2006D8A8C /* ASIAuthenticationDialog.h in Headers */,
				291334AF149648C2006D8A8C /* ASICacheDelegate.h in Headers */,
				291334B0149648C2006D8A8C /* ASIDataCompressor.h in Headers */,
				291334B2149648C2006D8A8C /* ASIDataDecompressor.h in Headers */,
				291334B4149648C2006D8A8C /* ASIDownloadCache.h in Headers */,
				291334B6149648C2006D8A8C /* ASIFormDataRequest.h in Headers */,
				291334B8149648C2006D8A8C /* ASIHTTPRequest.h in Headers */,
				291334BA149648C2006D8A8C /* ASIHTTPRequestConfig.h in Headers */,
				291334BB149648C2006D8A8C /* ASIHTTPRequestDelegate.h in Headers */,
				291334BC149648C2006D8A8C /* ASIInputStream.h in Headers */,
				291334BE149648C2006D8A8C /* ASINetworkQueue.h in Headers */,
				291334C0149648C2006D8A8C /* ASIProgressDelegate.h in Headers */,
				291334C1149648C2006D8A8C /* Reachability.h in Headers */,
				291334C3149648C2006D8A8C /* KalturaClient.h in Headers */,
				291334C5149648C2006D8A8C /* KalturaClientBase.h in Headers */,
				291334F3149648C2006D8A8C /* KalturaXmlParsers.h in Headers */,
				0154BD5C67B73FDC0C5B3FEA /* KalturaMetadataClientPlugin.h in Headers */,
				58EF1E7E6C84151F9423EE20 /* KalturaDocumentClientPlugin.h in Headers */,
				E4C9509338CFBE30FDFEA45F /* KalturaAdCuePointClientPlugin.h in Headers */,
				1879AD4EE5A27B71587A93F5 /* KalturaAnnotationClientPlugin.h in Headers */,
				472EECFC13460A508167EEF6 /* KalturaAsperaClientPlugin.h in Headers */,
				4CEA9265A16A8D5260D790F1 /* KalturaAttachmentClientPlugin.h in Headers */,
				18CE8BAD10B2E9DEE94423F0 /* KalturaAuditClientPlugin.h in Headers */,
				947988FD2DEEBA504DC50AD2 /* KalturaBulkUploadClientPlugin.h in Headers */,
				1417BAF072DB2ACB553206A8 /* KalturaBulkUploadCsvClientPlugin.h in Headers */,
				D187C0BB1D440EE5F7B9ECF8 /* KalturaBulkUploadXmlClientPlugin.h in Headers */,
				C40270E2C7F97B7E92DB1C45 /* KalturaCaptionClientPlugin.h in Headers */,
				B0A41C0764577F3DB3220881 /* KalturaCaptionSearchClientPlugin.h in Headers */,
				34252C94F4122DBAEE1CF3E4 /* KalturaCodeCuePointClientPlugin.h in Headers */,
				BD610473551371312980E52B /* KalturaThumbCuePointClientPlugin.h in Headers */,
				68A28CDBF14BCFF25CC399ED /* KalturaContentDistributionClientPlugin.h in Headers */,
				DA76F2AD1BE6FC71F8F6437C /* KalturaCuePointClientPlugin.h in Headers */,
				65184390CEC13A195F2905C1 /* KalturaDropFolderClientPlugin.h in Headers */,
				396B3CF8C8D16F0837477D99 /* KalturaDropFolderXmlBulkUploadClientPlugin.h in Headers */,
				9D0E6C34B62C939DFA67CF86 /* KalturaEmailNotificationClientPlugin.h in Headers */,
				10F227DD5277D74956EE97BC /* KalturaEventNotificationClientPlugin.h in Headers */,
				CB70DE15749C077286C8CA9B /* KalturaHttpNotificationClientPlugin.h in Headers */,
				A73D982BA7B926D7E82FA48D /* KalturaFileSyncClientPlugin.h in Headers */,
				37028F298AA8319596D5FDBA /* KalturaLikeClientPlugin.h in Headers */,
				725007CBCBE9BB268696EBD1 /* KalturaMultiCentersClientPlugin.h in Headers */,
				8AEF149813446C3987AD80A8 /* KalturaShortLinkClientPlugin.h in Headers */,
				4B90D11B829F9DB7D344E26A /* KalturaTagSearchClientPlugin.h in Headers */,
				CABF45FCF27A9886A27AA925 /* KalturaVarConsoleClientPlugin.h in Headers */,
				6269B14F22A620FA9220CD90 /* KalturaVirusScanClientPlugin.h in Headers */,
				EC15F89371862C486C7B9B16 /* KalturaAbcScreenersWatermarkAccessControlClientPlugin.h in Headers */,
				8E1A37C9F73D8EBD8FBFDAD4 /* KalturaExternalMediaClientPlugin.h in Headers */,
				36F77DAC3EE8AF1AE645DA2C /* KalturaDrmClientPlugin.h in Headers */,
				0F2F105CE99A86C0715F04CA /* KalturaWidevineClientPlugin.h in Headers */,
				75D70E75740EB7C48AA81E13 /* KalturaWebexDropFolderClientPlugin.h in Headers */,
				FC26B07803C7F3715AD15865 /* KalturaKontikiClientPlugin.h in Headers */,
				A4385E9E6B64A851324093B3 /* KalturaVelocixClientPlugin.h in Headers */,
				D8374A907074AE2F96C6A9A0 /* KalturaScheduledTaskClientPlugin.h in Headers */,
				B95F5E928B1276040CAFBE35 /* KalturaScheduledTaskEventNotificationClientPlugin.h in Headers */,
				DF095DCF0880008D3E76553B /* KalturaScheduledTaskMetadataClientPlugin.h in Headers */,
				1F94C88311EAACF452CB5E09 /* KalturaScheduledTaskContentDistributionClientPlugin.h in Headers */,
				43EA7077F7A7AC45140DFE5D /* KalturaBulkUploadFilterClientPlugin.h in Headers */,
				BBFB5240A6CAC8EB119E3F23 /* KalturaPlayReadyClientPlugin.h in Headers */,
				5C08B24EDC7BC9F7E760C0EE /* KalturaEventCuePointClientPlugin.h in Headers */,
			);
			runOnlyForDeploymentPostprocessing = 0;
		};
/* End PBXHeadersBuildPhase section */

/* Begin PBXNativeTarget section */
		29133451149646BB006D8A8C /* KalturaClient */ = {
			isa = PBXNativeTarget;
			buildConfigurationList = 2913345F149646BB006D8A8C /* Build configuration list for PBXNativeTarget "KalturaClient" */;
			buildPhases = (
				2913344E149646BB006D8A8C /* Sources */,
				2913344F149646BB006D8A8C /* Frameworks */,
				29133450149646BB006D8A8C /* Headers */,
			);
			buildRules = (
			);
			dependencies = (
			);
			name = KalturaClient;
			productName = KalturaClient;
			productReference = 29133452149646BB006D8A8C /* libKalturaClient.a */;
			productType = "com.apple.product-type.library.static";
		};
/* End PBXNativeTarget section */

/* Begin PBXProject section */
		29133449149646BB006D8A8C /* Project object */ = {
			isa = PBXProject;
			attributes = {
				LastUpgradeCheck = 0610;
			};
			buildConfigurationList = 2913344C149646BB006D8A8C /* Build configuration list for PBXProject "KalturaClient" */;
			compatibilityVersion = "Xcode 3.2";
			developmentRegion = English;
			hasScannedForEncodings = 0;
			knownRegions = (
				en,
			);
			mainGroup = 29133447149646BB006D8A8C;
			productRefGroup = 29133453149646BB006D8A8C /* Products */;
			projectDirPath = "";
			projectRoot = "";
			targets = (
				29133451149646BB006D8A8C /* KalturaClient */,
			);
		};
/* End PBXProject section */

/* Begin PBXSourcesBuildPhase section */
		2913344E149646BB006D8A8C /* Sources */ = {
			isa = PBXSourcesBuildPhase;
			buildActionMask = 2147483647;
			files = (
				291334AE149648C2006D8A8C /* ASIAuthenticationDialog.m in Sources */,
				291334B1149648C2006D8A8C /* ASIDataCompressor.m in Sources */,
				291334B3149648C2006D8A8C /* ASIDataDecompressor.m in Sources */,
				291334B5149648C2006D8A8C /* ASIDownloadCache.m in Sources */,
				291334B7149648C2006D8A8C /* ASIFormDataRequest.m in Sources */,
				291334B9149648C2006D8A8C /* ASIHTTPRequest.m in Sources */,
				291334BD149648C2006D8A8C /* ASIInputStream.m in Sources */,
				291334BF149648C2006D8A8C /* ASINetworkQueue.m in Sources */,
				291334C2149648C2006D8A8C /* Reachability.m in Sources */,
				291334C4149648C2006D8A8C /* KalturaClient.m in Sources */,
				291334C6149648C2006D8A8C /* KalturaClientBase.m in Sources */,
				291334F4149648C2006D8A8C /* KalturaXmlParsers.m in Sources */,
				BBBFDBA5664EC248CD6481D0 /* KalturaMetadataClientPlugin.m in Sources */,
				A4804130CF77E1EFD3A649A8 /* KalturaDocumentClientPlugin.m in Sources */,
				E22935FAEE3F20A001B08387 /* KalturaAdCuePointClientPlugin.m in Sources */,
				0529792AD67C026ACAA6B9DE /* KalturaAnnotationClientPlugin.m in Sources */,
				9418B61F43597A86C181CD79 /* KalturaAsperaClientPlugin.m in Sources */,
				9215A4B5C10703C267FEA920 /* KalturaAttachmentClientPlugin.m in Sources */,
				71735A46BBE083A457B77E6D /* KalturaAuditClientPlugin.m in Sources */,
				0A04712B34F0F5B5A8AD9D61 /* KalturaBulkUploadClientPlugin.m in Sources */,
				C6C77ACD5F354C7F26264771 /* KalturaBulkUploadCsvClientPlugin.m in Sources */,
				81CCEB1B9D275B650F4C7D1E /* KalturaBulkUploadXmlClientPlugin.m in Sources */,
				E071E86A964DB8CA35C748B6 /* KalturaCaptionClientPlugin.m in Sources */,
				3E2B935633452E675EE8E01E /* KalturaCaptionSearchClientPlugin.m in Sources */,
				1A378AFFB787CBE5532EC11F /* KalturaCodeCuePointClientPlugin.m in Sources */,
				D2E848723F61DB0EBCFF36B9 /* KalturaThumbCuePointClientPlugin.m in Sources */,
				F999E8413865A630F9E5FF8D /* KalturaContentDistributionClientPlugin.m in Sources */,
				431E60E08EBE8F01F5E12667 /* KalturaCuePointClientPlugin.m in Sources */,
				A486CC85A50CBEB3AD2ECD8E /* KalturaDropFolderClientPlugin.m in Sources */,
				9AFAFCCB1440661E2974805E /* KalturaDropFolderXmlBulkUploadClientPlugin.m in Sources */,
				20D8E13B8779DEA9886ABA13 /* KalturaEmailNotificationClientPlugin.m in Sources */,
				8F2AAC8810FC936C511B7742 /* KalturaEventNotificationClientPlugin.m in Sources */,
				23CBA8DF3D3462B8F560C36C /* KalturaHttpNotificationClientPlugin.m in Sources */,
				72253DA86D26970D41053446 /* KalturaFileSyncClientPlugin.m in Sources */,
				FA6FAE5E5156A10BB45DFFC6 /* KalturaLikeClientPlugin.m in Sources */,
				FA9D15489606E232A077874D /* KalturaMultiCentersClientPlugin.m in Sources */,
				FCC0356774890D9BBAD4CB32 /* KalturaShortLinkClientPlugin.m in Sources */,
				DF2CC90A50DEF67DB8F150FC /* KalturaTagSearchClientPlugin.m in Sources */,
				62C0B430935B0A3307EE9543 /* KalturaVarConsoleClientPlugin.m in Sources */,
				9AB9FF6D3F99286CF9DD3CD2 /* KalturaVirusScanClientPlugin.m in Sources */,
				EEE05013BC355ADF84C9E0BA /* KalturaAbcScreenersWatermarkAccessControlClientPlugin.m in Sources */,
				A93C0000BFBD97DDB3F6CFB9 /* KalturaExternalMediaClientPlugin.m in Sources */,
				C37963723A7C9953ADAC8EDB /* KalturaDrmClientPlugin.m in Sources */,
				61C6887AA133634A6FF9549E /* KalturaWidevineClientPlugin.m in Sources */,
				E6E07D256ACE4CDB4582CA5D /* KalturaWebexDropFolderClientPlugin.m in Sources */,
				F7741FDAB9E7CE7B5FDEAB76 /* KalturaKontikiClientPlugin.m in Sources */,
				B2EB58449022FE3B7417ECBD /* KalturaVelocixClientPlugin.m in Sources */,
				8E93D46755EEEFF79FECB1DA /* KalturaScheduledTaskClientPlugin.m in Sources */,
				8856380E087A46419AE8B3DA /* KalturaScheduledTaskEventNotificationClientPlugin.m in Sources */,
				F931E854308BD3B9422AC237 /* KalturaScheduledTaskMetadataClientPlugin.m in Sources */,
				B88B58BD542459AC28F49BDA /* KalturaScheduledTaskContentDistributionClientPlugin.m in Sources */,
				6D7A690EA93609EA25108E47 /* KalturaBulkUploadFilterClientPlugin.m in Sources */,
				82D5AAB78F7D45BFECFAF1AC /* KalturaPlayReadyClientPlugin.m in Sources */,
				396319EE25E64E8425A54F96 /* KalturaEventCuePointClientPlugin.m in Sources */,
			);
			runOnlyForDeploymentPostprocessing = 0;
		};
/* End PBXSourcesBuildPhase section */

/* Begin XCBuildConfiguration section */
		2913345D149646BB006D8A8C /* Debug */ = {
			isa = XCBuildConfiguration;
			buildSettings = {
				ALWAYS_SEARCH_USER_PATHS = NO;
				COPY_PHASE_STRIP = NO;
				GCC_C_LANGUAGE_STANDARD = gnu99;
				GCC_DYNAMIC_NO_PIC = NO;
				GCC_OPTIMIZATION_LEVEL = 0;
				GCC_PREPROCESSOR_DEFINITIONS = (
					"DEBUG=1",
					"$(inherited)",
				);
				GCC_SYMBOLS_PRIVATE_EXTERN = NO;
				GCC_VERSION = "";
				GCC_WARN_ABOUT_MISSING_PROTOTYPES = YES;
				GCC_WARN_ABOUT_RETURN_TYPE = YES;
				GCC_WARN_UNUSED_VARIABLE = YES;
				IPHONEOS_DEPLOYMENT_TARGET = 6.0;
				ONLY_ACTIVE_ARCH = YES;
				SDKROOT = iphoneos;
				VALID_ARCHS = "arm64 armv7";
			};
			name = Debug;
		};
		2913345E149646BB006D8A8C /* Release */ = {
			isa = XCBuildConfiguration;
			buildSettings = {
				ALWAYS_SEARCH_USER_PATHS = NO;
				COPY_PHASE_STRIP = YES;
				GCC_C_LANGUAGE_STANDARD = gnu99;
				GCC_VERSION = "";
				GCC_WARN_ABOUT_MISSING_PROTOTYPES = YES;
				GCC_WARN_ABOUT_RETURN_TYPE = YES;
				GCC_WARN_UNUSED_VARIABLE = YES;
				IPHONEOS_DEPLOYMENT_TARGET = 6.0;
				SDKROOT = iphoneos;
				VALIDATE_PRODUCT = YES;
				VALID_ARCHS = "arm64 armv7";
			};
			name = Release;
		};
		29133460149646BB006D8A8C /* Debug */ = {
			isa = XCBuildConfiguration;
			buildSettings = {
				DSTROOT = /tmp/KalturaClient.dst;
				GCC_PRECOMPILE_PREFIX_HEADER = YES;
				GCC_PREFIX_HEADER = "KalturaClient/KalturaClient-Prefix.pch";
				GCC_VERSION = "";
				HEADER_SEARCH_PATHS = /usr/include/libxml2;
				OTHER_LDFLAGS = "-ObjC";
				PRODUCT_NAME = "$(TARGET_NAME)";
				SKIP_INSTALL = YES;
			};
			name = Debug;
		};
		29133461149646BB006D8A8C /* Release */ = {
			isa = XCBuildConfiguration;
			buildSettings = {
				DSTROOT = /tmp/KalturaClient.dst;
				GCC_PRECOMPILE_PREFIX_HEADER = YES;
				GCC_PREFIX_HEADER = "KalturaClient/KalturaClient-Prefix.pch";
				GCC_VERSION = "";
				HEADER_SEARCH_PATHS = /usr/include/libxml2;
				OTHER_LDFLAGS = "-ObjC";
				PRODUCT_NAME = "$(TARGET_NAME)";
				SKIP_INSTALL = YES;
			};
			name = Release;
		};
/* End XCBuildConfiguration section */

/* Begin XCConfigurationList section */
		2913344C149646BB006D8A8C /* Build configuration list for PBXProject "KalturaClient" */ = {
			isa = XCConfigurationList;
			buildConfigurations = (
				2913345D149646BB006D8A8C /* Debug */,
				2913345E149646BB006D8A8C /* Release */,
			);
			defaultConfigurationIsVisible = 0;
			defaultConfigurationName = Release;
		};
		2913345F149646BB006D8A8C /* Build configuration list for PBXNativeTarget "KalturaClient" */ = {
			isa = XCConfigurationList;
			buildConfigurations = (
				29133460149646BB006D8A8C /* Debug */,
				29133461149646BB006D8A8C /* Release */,
			);
			defaultConfigurationIsVisible = 0;
			defaultConfigurationName = Release;
		};
/* End XCConfigurationList section */
	};
	rootObject = 29133449149646BB006D8A8C /* Project object */;
}
